
Microsoft Visual Studio Solution File, Format Version 12.00
# Visual Studio Version 17
VisualStudioVersion = 17.0.31903.59
MinimumVisualStudioVersion = 10.0.40219.1
Project("{FAE04EC0-301F-11D3-BF4B-00C04F79EFBC}") = "Server", "Server\Server.csproj", "{9BF1834C-126D-4EBC-B565-75274E98643B}"
EndProject
Project("{FAE04EC0-301F-11D3-BF4B-00C04F79EFBC}") = "Client", "Client\Client.csproj", "{D38A6A2E-4075-4834-82BB-445B48179984}"
EndProject
Project("{FAE04EC0-301F-11D3-BF4B-00C04F79EFBC}") = "Shared", "Shared\Shared.csproj", "{0CD7A547-E55F-4AF5-ACDD-597EAC97FB75}"
EndProject
Global
	GlobalSection(SolutionConfigurationPlatforms) = preSolution
		Debug|Any CPU = Debug|Any CPU
		Debug|x64 = Debug|x64
		Debug|x86 = Debug|x86
		Release|Any CPU = Release|Any CPU
		Release|x64 = Release|x64
		Release|x86 = Release|x86
	EndGlobalSection
	GlobalSection(ProjectConfigurationPlatforms) = postSolution
		{9BF1834C-126D-4EBC-B565-75274E98643B}.Debug|Any CPU.ActiveCfg = Debug|Any CPU
		{9BF1834C-126D-4EBC-B565-75274E98643B}.Debug|Any CPU.Build.0 = Debug|Any CPU
		{9BF1834C-126D-4EBC-B565-75274E98643B}.Debug|x64.ActiveCfg = Debug|Any CPU
		{9BF1834C-126D-4EBC-B565-75274E98643B}.Debug|x64.Build.0 = Debug|Any CPU
		{9BF1834C-126D-4EBC-B565-75274E98643B}.Debug|x86.ActiveCfg = Debug|Any CPU
		{9BF1834C-126D-4EBC-B565-75274E98643B}.Debug|x86.Build.0 = Debug|Any CPU
		{9BF1834C-126D-4EBC-B565-75274E98643B}.Release|Any CPU.ActiveCfg = Release|Any CPU
		{9BF1834C-126D-4EBC-B565-75274E98643B}.Release|Any CPU.Build.0 = Release|Any CPU
		{9BF1834C-126D-4EBC-B565-75274E98643B}.Release|x64.ActiveCfg = Release|Any CPU
		{9BF1834C-126D-4EBC-B565-75274E98643B}.Release|x64.Build.0 = Release|Any CPU
		{9BF1834C-126D-4EBC-B565-75274E98643B}.Release|x86.ActiveCfg = Release|Any CPU
		{9BF1834C-126D-4EBC-B565-75274E98643B}.Release|x86.Build.0 = Release|Any CPU
		{D38A6A2E-4075-4834-82BB-445B48179984}.Debug|Any CPU.ActiveCfg = Debug|Any CPU
		{D38A6A2E-4075-4834-82BB-445B48179984}.Debug|Any CPU.Build.0 = Debug|Any CPU
		{D38A6A2E-4075-4834-82BB-445B48179984}.Debug|x64.ActiveCfg = Debug|Any CPU
		{D38A6A2E-4075-4834-82BB-445B48179984}.Debug|x64.Build.0 = Debug|Any CPU
		{D38A6A2E-4075-4834-82BB-445B48179984}.Debug|x86.ActiveCfg = Debug|Any CPU
		{D38A6A2E-4075-4834-82BB-445B48179984}.Debug|x86.Build.0 = Debug|Any CPU
		{D38A6A2E-4075-4834-82BB-445B48179984}.Release|Any CPU.ActiveCfg = Release|Any CPU
		{D38A6A2E-4075-4834-82BB-445B48179984}.Release|Any CPU.Build.0 = Release|Any CPU
		{D38A6A2E-4075-4834-82BB-445B48179984}.Release|x64.ActiveCfg = Release|Any CPU
		{D38A6A2E-4075-4834-82BB-445B48179984}.Release|x64.Build.0 = Release|Any CPU
		{D38A6A2E-4075-4834-82BB-445B48179984}.Release|x86.ActiveCfg = Release|Any CPU
		{D38A6A2E-4075-4834-82BB-445B48179984}.Release|x86.Build.0 = Release|Any CPU
		{0CD7A547-E55F-4AF5-ACDD-597EAC97FB75}.Debug|Any CPU.ActiveCfg = Debug|Any CPU
		{0CD7A547-E55F-4AF5-ACDD-597EAC97FB75}.Debug|Any CPU.Build.0 = Debug|Any CPU
		{0CD7A547-E55F-4AF5-ACDD-597EAC97FB75}.Debug|x64.ActiveCfg = Debug|Any CPU
		{0CD7A547-E55F-4AF5-ACDD-597EAC97FB75}.Debug|x64.Build.0 = Debug|Any CPU
		{0CD7A547-E55F-4AF5-ACDD-597EAC97FB75}.Debug|x86.ActiveCfg = Debug|Any CPU
		{0CD7A547-E55F-4AF5-ACDD-597EAC97FB75}.Debug|x86.Build.0 = Debug|Any CPU
		{0CD7A547-E55F-4AF5-ACDD-597EAC97FB75}.Release|Any CPU.ActiveCfg = Release|Any CPU
		{0CD7A547-E55F-4AF5-ACDD-597EAC97FB75}.Release|Any CPU.Build.0 = Release|Any CPU
		{0CD7A547-E55F-4AF5-ACDD-597EAC97FB75}.Release|x64.ActiveCfg = Release|Any CPU
		{0CD7A547-E55F-4AF5-ACDD-597EAC97FB75}.Release|x64.Build.0 = Release|Any CPU
		{0CD7A547-E55F-4AF5-ACDD-597EAC97FB75}.Release|x86.ActiveCfg = Release|Any CPU
		{0CD7A547-E55F-4AF5-ACDD-597EAC97FB75}.Release|x86.Build.0 = Release|Any CPU
	EndGlobalSection
	GlobalSection(SolutionProperties) = preSolution
		HideSolutionNode = FALSE
	EndGlobalSection
EndGlobal
